        "@internationalized/date": "^3.9.0",
        "@mui/material": "^7.3.2",
        "@worldcoin/minikit-js": "^1.9.6",
        "linkifyjs": "^4.3.2",
        "react-hook-form": "^7.62.0",
      "version": "7.28.4",
      "resolved": "https://registry.npmjs.org/@babel/runtime/-/runtime-7.28.4.tgz",
      "integrity": "sha512-Q/N6JNWvIvPnLDvjlE1OUBLPQHH6l3CltCEsHIujp45zQUSSh8K+gHnaEX45yAT1nyngnINhvWtzN+Nb9D8RAQ==",
      "version": "3.9.0",
      "resolved": "https://registry.npmjs.org/@internationalized/date/-/date-3.9.0.tgz",
      "integrity": "sha512-yaN3brAnHRD+4KyyOsJyk49XUvj2wtbNACSqg0bz3u8t2VuzhC8Q5dfRnrSxjnnbDb+ienBnkn1TzQfE154vyg==",
      "version": "7.3.2",
      "resolved": "https://registry.npmjs.org/@mui/core-downloads-tracker/-/core-downloads-tracker-7.3.2.tgz",
      "integrity": "sha512-AOyfHjyDKVPGJJFtxOlept3EYEdLoar/RvssBTWVAvDJGIE676dLi2oT/Kx+FoVXFoA/JdV7DEMq/BVWV3KHRw==",
      "version": "7.3.2",
      "resolved": "https://registry.npmjs.org/@mui/material/-/material-7.3.2.tgz",
      "integrity": "sha512-qXvbnawQhqUVfH1LMgMaiytP+ZpGoYhnGl7yYq2x57GYzcFL/iPzSZ3L30tlbwEjSVKNYcbiKO8tANR1tadjUg==",
        "@babel/runtime": "^7.28.3",
        "@mui/core-downloads-tracker": "^7.3.2",
        "@mui/system": "^7.3.2",
        "@mui/types": "^7.4.6",
        "@mui/utils": "^7.3.2",
        "react-is": "^19.1.1",
        "@mui/material-pigment-css": "^7.3.2",
      "version": "19.1.1",
      "resolved": "https://registry.npmjs.org/react-is/-/react-is-19.1.1.tgz",
      "integrity": "sha512-tr41fA15Vn8p4X9ntI+yCyeGSf1TlYaY5vlTZfQmeLBrFo3psOPX6HhTDnFNL9uj3EhP0KAQ80cugCl4b4BERA==",
      "version": "7.3.2",
      "resolved": "https://registry.npmjs.org/@mui/private-theming/-/private-theming-7.3.2.tgz",
      "integrity": "sha512-ha7mFoOyZGJr75xeiO9lugS3joRROjc8tG1u4P50dH0KR7bwhHznVMcYg7MouochUy0OxooJm/OOSpJ7gKcMvg==",
        "@babel/runtime": "^7.28.3",
        "@mui/utils": "^7.3.2",
      "version": "7.3.2",
      "resolved": "https://registry.npmjs.org/@mui/styled-engine/-/styled-engine-7.3.2.tgz",
      "integrity": "sha512-PkJzW+mTaek4e0nPYZ6qLnW5RGa0KN+eRTf5FA2nc7cFZTeM+qebmGibaTLrgQBy3UpcpemaqfzToBNkzuxqew==",
        "@babel/runtime": "^7.28.3",
      "version": "7.3.2",
      "resolved": "https://registry.npmjs.org/@mui/system/-/system-7.3.2.tgz",
      "integrity": "sha512-9d8JEvZW+H6cVkaZ+FK56R53vkJe3HsTpcjMUtH8v1xK6Y1TjzHdZ7Jck02mGXJsE6MQGWVs3ogRHTQmS9Q/rA==",
        "@babel/runtime": "^7.28.3",
        "@mui/private-theming": "^7.3.2",
        "@mui/styled-engine": "^7.3.2",
        "@mui/types": "^7.4.6",
        "@mui/utils": "^7.3.2",
      "version": "7.4.6",
      "resolved": "https://registry.npmjs.org/@mui/types/-/types-7.4.6.tgz",
      "integrity": "sha512-NVBbIw+4CDMMppNamVxyTccNv0WxtDb7motWDlMeSC8Oy95saj1TIZMGynPpFLePt3yOD8TskzumeqORCgRGWw==",
        "@babel/runtime": "^7.28.3"
      "version": "7.3.2",
      "resolved": "https://registry.npmjs.org/@mui/utils/-/utils-7.3.2.tgz",
      "integrity": "sha512-4DMWQGenOdLnM3y/SdFQFwKsCLM+mqxzvoWp9+x2XdEzXapkznauHLiXtSohHs/mc0+5/9UACt1GdugCX2te5g==",
        "@babel/runtime": "^7.28.3",
        "@mui/types": "^7.4.6",
        "react-is": "^19.1.1"
      "version": "19.1.1",
      "resolved": "https://registry.npmjs.org/react-is/-/react-is-19.1.1.tgz",
      "integrity": "sha512-tr41fA15Vn8p4X9ntI+yCyeGSf1TlYaY5vlTZfQmeLBrFo3psOPX6HhTDnFNL9uj3EhP0KAQ80cugCl4b4BERA==",
    "node_modules/@next/swc-darwin-x64": {
      "version": "15.3.4",
      "resolved": "https://registry.npmjs.org/@next/swc-darwin-x64/-/swc-darwin-x64-15.3.4.tgz",
      "integrity": "sha512-Z0FYJM8lritw5Wq+vpHYuCIzIlEMjewG2aRkc3Hi2rcbULknYL/xqfpBL23jQnCSrDUGAo/AEv0Z+s2bff9Zkw==",
      "cpu": [
        "x64"
      ],
      "optional": true,
      "os": [
        "darwin"
      ],
      "engines": {
        "node": ">= 10"
      }
    },
    "node_modules/@next/swc-linux-arm64-gnu": {
      "version": "15.3.4",
      "resolved": "https://registry.npmjs.org/@next/swc-linux-arm64-gnu/-/swc-linux-arm64-gnu-15.3.4.tgz",
      "integrity": "sha512-l8ZQOCCg7adwmsnFm8m5q9eIPAHdaB2F3cxhufYtVo84pymwKuWfpYTKcUiFcutJdp9xGHC+F1Uq3xnFU1B/7g==",
      "cpu": [
        "arm64"
      ],
      "optional": true,
      "os": [
        "linux"
      ],
      "engines": {
        "node": ">= 10"
      }
    },
    "node_modules/@next/swc-linux-arm64-musl": {
      "version": "15.3.4",
      "resolved": "https://registry.npmjs.org/@next/swc-linux-arm64-musl/-/swc-linux-arm64-musl-15.3.4.tgz",
      "integrity": "sha512-wFyZ7X470YJQtpKot4xCY3gpdn8lE9nTlldG07/kJYexCUpX1piX+MBfZdvulo+t1yADFVEuzFfVHfklfEx8kw==",
      "cpu": [
        "arm64"
      ],
      "optional": true,
      "os": [
        "linux"
      ],
      "engines": {
        "node": ">= 10"
      }
    },
    "node_modules/@next/swc-linux-x64-gnu": {
      "version": "15.3.4",
      "resolved": "https://registry.npmjs.org/@next/swc-linux-x64-gnu/-/swc-linux-x64-gnu-15.3.4.tgz",
      "integrity": "sha512-gEbH9rv9o7I12qPyvZNVTyP/PWKqOp8clvnoYZQiX800KkqsaJZuOXkWgMa7ANCCh/oEN2ZQheh3yH8/kWPSEg==",
      "cpu": [
        "x64"
      ],
      "optional": true,
      "os": [
        "linux"
      ],
      "engines": {
        "node": ">= 10"
      }
    },
    "node_modules/@next/swc-linux-x64-musl": {
      "version": "15.3.4",
      "resolved": "https://registry.npmjs.org/@next/swc-linux-x64-musl/-/swc-linux-x64-musl-15.3.4.tgz",
      "integrity": "sha512-Cf8sr0ufuC/nu/yQ76AnarbSAXcwG/wj+1xFPNbyNo8ltA6kw5d5YqO8kQuwVIxk13SBdtgXrNyom3ZosHAy4A==",
      "cpu": [
        "x64"
      ],
      "optional": true,
      "os": [
        "linux"
      ],
      "engines": {
        "node": ">= 10"
      }
    },
    "node_modules/@next/swc-win32-arm64-msvc": {
      "version": "15.3.4",
      "resolved": "https://registry.npmjs.org/@next/swc-win32-arm64-msvc/-/swc-win32-arm64-msvc-15.3.4.tgz",
      "integrity": "sha512-ay5+qADDN3rwRbRpEhTOreOn1OyJIXS60tg9WMYTWCy3fB6rGoyjLVxc4dR9PYjEdR2iDYsaF5h03NA+XuYPQQ==",
      "cpu": [
        "arm64"
      ],
      "optional": true,
      "os": [
        "win32"
      ],
      "engines": {
        "node": ">= 10"
      }
    },
    "node_modules/@next/swc-win32-x64-msvc": {
      "version": "15.3.4",
      "resolved": "https://registry.npmjs.org/@next/swc-win32-x64-msvc/-/swc-win32-x64-msvc-15.3.4.tgz",
      "integrity": "sha512-4kDt31Bc9DGyYs41FTL1/kNpDeHyha2TC0j5sRRoKCyrhNcfZ/nRQkAUlF27mETwm8QyHqIjHJitfcza2Iykfg==",
      "cpu": [
        "x64"
      ],
      "optional": true,
      "os": [
        "win32"
      ],
      "engines": {
        "node": ">= 10"
      }
    },
    "node_modules/@worldcoin/idkit-core": {
      "version": "2.1.0",
      "resolved": "https://registry.npmjs.org/@worldcoin/idkit-core/-/idkit-core-2.1.0.tgz",
      "integrity": "sha512-6MOFcOGqpk3iiW1i25NYmRJ6JUO8KetqS5Ic0l2cqnEEKvjMa/NT1+WTuenjTUF//Mqwy5kWgtVBzUqeyEfQ2g==",
      "license": "MIT",
      "dependencies": {
        "browser-or-node": "3.0.0-pre.0",
        "buffer": "^6.0.3",
        "ox": "^0.1.0",
        "zustand": "^4.5"
      },
      "engines": {
        "node": ">=12.4"
      }
    },
    "node_modules/@worldcoin/idkit-core/node_modules/ox": {
      "version": "0.1.8",
      "resolved": "https://registry.npmjs.org/ox/-/ox-0.1.8.tgz",
      "integrity": "sha512-GJl6uKXxhPq/XgyvAnIokGuGU/pt9CU8reRJjzi4a02HOpLc2CEXXD4bRCITFFAzdRqHj3DQ6GDS7PlCytPM/A==",
      "funding": [
        {
          "type": "github",
          "url": "https://github.com/sponsors/wevm"
        }
      ],
      "license": "MIT",
      "dependencies": {
        "@adraffy/ens-normalize": "^1.10.1",
        "@noble/curves": "^1.6.0",
        "@noble/hashes": "^1.5.0",
        "@scure/bip32": "^1.5.0",
        "@scure/bip39": "^1.4.0",
        "abitype": "^1.0.6",
        "eventemitter3": "5.0.1"
      },
      "peerDependencies": {
        "typescript": ">=5.4.0"
      },
      "peerDependenciesMeta": {
        "typescript": {
          "optional": true
        }
      }
    },
    "node_modules/@worldcoin/minikit-js": {
      "version": "1.9.6",
      "resolved": "https://registry.npmjs.org/@worldcoin/minikit-js/-/minikit-js-1.9.6.tgz",
      "integrity": "sha512-nKPj9hQngHV0bD4/SD/XZmNAYv/zfZjptPjnuzIWouRR8AQHFpdkCPIw03QujhBG+3kUwUpsBAgYPwEk4vj2dw==",
      "license": "MIT",
      "dependencies": {
        "@worldcoin/idkit-core": "^2.0.2",
        "abitype": "^1.0.6"
      },
      "engines": {
        "node": ">= 16"
      },
      "peerDependencies": {
        "react": "^17 || ^18 || ^19",
        "viem": "^2.23.5"
      }
    },
    "node_modules/browser-or-node": {
      "version": "3.0.0-pre.0",
      "resolved": "https://registry.npmjs.org/browser-or-node/-/browser-or-node-3.0.0-pre.0.tgz",
      "integrity": "sha512-J6/RvtjajlHVJMBZ/Xk+5O9E8CKUHOZDz5e/eG8UBjWBSB/d/tgqFOua/xxqP+eGfgZlaJHELHnC3mdsVTTMIQ==",
      "license": "MIT"
    },
      "version": "4.3.2",
      "resolved": "https://registry.npmjs.org/linkifyjs/-/linkifyjs-4.3.2.tgz",
      "integrity": "sha512-NT1CJtq3hHIreOianA8aSXn6Cw0JzYOuDQbOrSPe7gqFnCpKP++MQe3ODgO3oh2GJFORkAAdqredOa60z63GbA==",
      "version": "7.63.0",
      "resolved": "https://registry.npmjs.org/react-hook-form/-/react-hook-form-7.63.0.tgz",
      "integrity": "sha512-ZwueDMvUeucovM2VjkCf7zIHcs1aAlDimZu2Hvel5C5907gUzMpm4xCrQXtRzCvsBqFjonB4m3x4LzCFI1ZKWA==",
