        "@internationalized/date": "^3.9.0",
        "@mui/material": "^7.3.2",
        "@radix-ui/react-scroll-area": "^1.0.5",
        "@tiptap/core": "^2.5.0",
        "@tiptap/extension-character-count": "^2.5.0",
        "@tiptap/extension-link": "^2.5.0",
        "@tiptap/extension-mention": "^2.5.0",
        "@tiptap/extension-placeholder": "^2.5.0",
        "@tiptap/pm": "^2.5.0",
        "@tiptap/react": "^2.5.0",
        "@tiptap/starter-kit": "^2.5.0",
        "@tiptap/suggestion": "^2.5.0",
        "cheerio": "^1.0.0",
        "linkifyjs": "^4.3.2",
        "react-hook-form": "^7.62.0",
        "tippy.js": "^6.3.7",
      "version": "7.28.4",
      "resolved": "https://registry.npmjs.org/@babel/runtime/-/runtime-7.28.4.tgz",
      "integrity": "sha512-Q/N6JNWvIvPnLDvjlE1OUBLPQHH6l3CltCEsHIujp45zQUSSh8K+gHnaEX45yAT1nyngnINhvWtzN+Nb9D8RAQ==",
      "version": "3.9.0",
      "resolved": "https://registry.npmjs.org/@internationalized/date/-/date-3.9.0.tgz",
      "integrity": "sha512-yaN3brAnHRD+4KyyOsJyk49XUvj2wtbNACSqg0bz3u8t2VuzhC8Q5dfRnrSxjnnbDb+ienBnkn1TzQfE154vyg==",
      "version": "7.3.2",
      "resolved": "https://registry.npmjs.org/@mui/core-downloads-tracker/-/core-downloads-tracker-7.3.2.tgz",
      "integrity": "sha512-AOyfHjyDKVPGJJFtxOlept3EYEdLoar/RvssBTWVAvDJGIE676dLi2oT/Kx+FoVXFoA/JdV7DEMq/BVWV3KHRw==",
      "version": "7.3.2",
      "resolved": "https://registry.npmjs.org/@mui/material/-/material-7.3.2.tgz",
      "integrity": "sha512-qXvbnawQhqUVfH1LMgMaiytP+ZpGoYhnGl7yYq2x57GYzcFL/iPzSZ3L30tlbwEjSVKNYcbiKO8tANR1tadjUg==",
        "@babel/runtime": "^7.28.3",
        "@mui/core-downloads-tracker": "^7.3.2",
        "@mui/system": "^7.3.2",
        "@mui/types": "^7.4.6",
        "@mui/utils": "^7.3.2",
        "react-is": "^19.1.1",
        "@mui/material-pigment-css": "^7.3.2",
      "version": "19.1.1",
      "resolved": "https://registry.npmjs.org/react-is/-/react-is-19.1.1.tgz",
      "integrity": "sha512-tr41fA15Vn8p4X9ntI+yCyeGSf1TlYaY5vlTZfQmeLBrFo3psOPX6HhTDnFNL9uj3EhP0KAQ80cugCl4b4BERA==",
      "version": "7.3.2",
      "resolved": "https://registry.npmjs.org/@mui/private-theming/-/private-theming-7.3.2.tgz",
      "integrity": "sha512-ha7mFoOyZGJr75xeiO9lugS3joRROjc8tG1u4P50dH0KR7bwhHznVMcYg7MouochUy0OxooJm/OOSpJ7gKcMvg==",
        "@babel/runtime": "^7.28.3",
        "@mui/utils": "^7.3.2",
      "version": "7.3.2",
      "resolved": "https://registry.npmjs.org/@mui/styled-engine/-/styled-engine-7.3.2.tgz",
      "integrity": "sha512-PkJzW+mTaek4e0nPYZ6qLnW5RGa0KN+eRTf5FA2nc7cFZTeM+qebmGibaTLrgQBy3UpcpemaqfzToBNkzuxqew==",
        "@babel/runtime": "^7.28.3",
      "version": "7.3.2",
      "resolved": "https://registry.npmjs.org/@mui/system/-/system-7.3.2.tgz",
      "integrity": "sha512-9d8JEvZW+H6cVkaZ+FK56R53vkJe3HsTpcjMUtH8v1xK6Y1TjzHdZ7Jck02mGXJsE6MQGWVs3ogRHTQmS9Q/rA==",
        "@babel/runtime": "^7.28.3",
        "@mui/private-theming": "^7.3.2",
        "@mui/styled-engine": "^7.3.2",
        "@mui/types": "^7.4.6",
        "@mui/utils": "^7.3.2",
      "version": "7.4.6",
      "resolved": "https://registry.npmjs.org/@mui/types/-/types-7.4.6.tgz",
      "integrity": "sha512-NVBbIw+4CDMMppNamVxyTccNv0WxtDb7motWDlMeSC8Oy95saj1TIZMGynPpFLePt3yOD8TskzumeqORCgRGWw==",
        "@babel/runtime": "^7.28.3"
      "version": "7.3.2",
      "resolved": "https://registry.npmjs.org/@mui/utils/-/utils-7.3.2.tgz",
      "integrity": "sha512-4DMWQGenOdLnM3y/SdFQFwKsCLM+mqxzvoWp9+x2XdEzXapkznauHLiXtSohHs/mc0+5/9UACt1GdugCX2te5g==",
        "@babel/runtime": "^7.28.3",
        "@mui/types": "^7.4.6",
        "react-is": "^19.1.1"
      "version": "19.1.1",
      "resolved": "https://registry.npmjs.org/react-is/-/react-is-19.1.1.tgz",
      "integrity": "sha512-tr41fA15Vn8p4X9ntI+yCyeGSf1TlYaY5vlTZfQmeLBrFo3psOPX6HhTDnFNL9uj3EhP0KAQ80cugCl4b4BERA==",
    "node_modules/@next/swc-darwin-x64": {
      "version": "15.3.4",
      "resolved": "https://registry.npmjs.org/@next/swc-darwin-x64/-/swc-darwin-x64-15.3.4.tgz",
      "integrity": "sha512-Z0FYJM8lritw5Wq+vpHYuCIzIlEMjewG2aRkc3Hi2rcbULknYL/xqfpBL23jQnCSrDUGAo/AEv0Z+s2bff9Zkw==",
      "cpu": [
        "x64"
      ],
      "optional": true,
      "os": [
        "darwin"
      ],
      "engines": {
        "node": ">= 10"
      }
    },
    "node_modules/@next/swc-linux-arm64-gnu": {
      "version": "15.3.4",
      "resolved": "https://registry.npmjs.org/@next/swc-linux-arm64-gnu/-/swc-linux-arm64-gnu-15.3.4.tgz",
      "integrity": "sha512-l8ZQOCCg7adwmsnFm8m5q9eIPAHdaB2F3cxhufYtVo84pymwKuWfpYTKcUiFcutJdp9xGHC+F1Uq3xnFU1B/7g==",
      "cpu": [
        "arm64"
      ],
      "optional": true,
      "os": [
        "linux"
      ],
      "engines": {
        "node": ">= 10"
      }
    },
    "node_modules/@next/swc-linux-arm64-musl": {
      "version": "15.3.4",
      "resolved": "https://registry.npmjs.org/@next/swc-linux-arm64-musl/-/swc-linux-arm64-musl-15.3.4.tgz",
      "integrity": "sha512-wFyZ7X470YJQtpKot4xCY3gpdn8lE9nTlldG07/kJYexCUpX1piX+MBfZdvulo+t1yADFVEuzFfVHfklfEx8kw==",
      "cpu": [
        "arm64"
      ],
      "optional": true,
      "os": [
        "linux"
      ],
      "engines": {
        "node": ">= 10"
      }
    },
    "node_modules/@next/swc-linux-x64-gnu": {
      "version": "15.3.4",
      "resolved": "https://registry.npmjs.org/@next/swc-linux-x64-gnu/-/swc-linux-x64-gnu-15.3.4.tgz",
      "integrity": "sha512-gEbH9rv9o7I12qPyvZNVTyP/PWKqOp8clvnoYZQiX800KkqsaJZuOXkWgMa7ANCCh/oEN2ZQheh3yH8/kWPSEg==",
      "cpu": [
        "x64"
      ],
      "optional": true,
      "os": [
        "linux"
      ],
      "engines": {
        "node": ">= 10"
      }
    },
    "node_modules/@next/swc-linux-x64-musl": {
      "version": "15.3.4",
      "resolved": "https://registry.npmjs.org/@next/swc-linux-x64-musl/-/swc-linux-x64-musl-15.3.4.tgz",
      "integrity": "sha512-Cf8sr0ufuC/nu/yQ76AnarbSAXcwG/wj+1xFPNbyNo8ltA6kw5d5YqO8kQuwVIxk13SBdtgXrNyom3ZosHAy4A==",
      "cpu": [
        "x64"
      ],
      "optional": true,
      "os": [
        "linux"
      ],
      "engines": {
        "node": ">= 10"
      }
    },
    "node_modules/@next/swc-win32-arm64-msvc": {
      "version": "15.3.4",
      "resolved": "https://registry.npmjs.org/@next/swc-win32-arm64-msvc/-/swc-win32-arm64-msvc-15.3.4.tgz",
      "integrity": "sha512-ay5+qADDN3rwRbRpEhTOreOn1OyJIXS60tg9WMYTWCy3fB6rGoyjLVxc4dR9PYjEdR2iDYsaF5h03NA+XuYPQQ==",
      "cpu": [
        "arm64"
      ],
      "optional": true,
      "os": [
        "win32"
      ],
      "engines": {
        "node": ">= 10"
      }
    },
    "node_modules/@next/swc-win32-x64-msvc": {
      "version": "15.3.4",
      "resolved": "https://registry.npmjs.org/@next/swc-win32-x64-msvc/-/swc-win32-x64-msvc-15.3.4.tgz",
      "integrity": "sha512-4kDt31Bc9DGyYs41FTL1/kNpDeHyha2TC0j5sRRoKCyrhNcfZ/nRQkAUlF27mETwm8QyHqIjHJitfcza2Iykfg==",
      "cpu": [
        "x64"
      ],
      "optional": true,
      "os": [
        "win32"
      ],
      "engines": {
        "node": ">= 10"
      }
    },
      "version": "1.2.10",
      "resolved": "https://registry.npmjs.org/@radix-ui/react-scroll-area/-/react-scroll-area-1.2.10.tgz",
      "integrity": "sha512-tAXIa1g3sM5CGpVT0uIbUx/U3Gs5N8T52IICuCtObaos1S8fzsrPXG5WObkQN3S6NVl6wKgPhAIiBGbWnvc97A==",
        "@radix-ui/primitive": "1.1.3",
        "@radix-ui/react-presence": "1.1.5",
    "node_modules/@radix-ui/react-scroll-area/node_modules/@radix-ui/primitive": {
      "version": "1.1.3",
      "resolved": "https://registry.npmjs.org/@radix-ui/primitive/-/primitive-1.1.3.tgz",
      "integrity": "sha512-JTF99U/6XIjCBo0wqkU5sK10glYe27MRRsfwoiq5zzOEZLHU3A3KCMa5X/azekYRCJ0HlwI0crAXS/5dEHTzDg==",
      "license": "MIT"
    },
    "node_modules/@radix-ui/react-scroll-area/node_modules/@radix-ui/react-presence": {
      "version": "1.1.5",
      "resolved": "https://registry.npmjs.org/@radix-ui/react-presence/-/react-presence-1.1.5.tgz",
      "integrity": "sha512-/jfEwNDdQVBCNvjkGit4h6pMOzq8bHkopq458dPt2lMjx+eBQUohZNG9A7DtO/O5ukSbxuaNGXMjHicgwy6rQQ==",
      "license": "MIT",
      "dependencies": {
        "@radix-ui/react-compose-refs": "1.1.2",
        "@radix-ui/react-use-layout-effect": "1.1.1"
      },
      "peerDependencies": {
        "@types/react": "*",
        "@types/react-dom": "*",
        "react": "^16.8 || ^17.0 || ^18.0 || ^19.0 || ^19.0.0-rc",
        "react-dom": "^16.8 || ^17.0 || ^18.0 || ^19.0 || ^19.0.0-rc"
      },
      "peerDependenciesMeta": {
        "@types/react": {
          "optional": true
        },
        "@types/react-dom": {
          "optional": true
        }
      }
    },
      "version": "2.26.1",
      "resolved": "https://registry.npmjs.org/@tiptap/core/-/core-2.26.1.tgz",
      "integrity": "sha512-fymyd/XZvYiHjBoLt1gxs024xP/LY26d43R1vluYq7AHBL/7DE3ywzy+1GEsGyAv5Je2L0KBhNIR/izbq3Kaqg==",
    "node_modules/@tiptap/extension-blockquote": {
      "version": "2.26.1",
      "resolved": "https://registry.npmjs.org/@tiptap/extension-blockquote/-/extension-blockquote-2.26.1.tgz",
      "integrity": "sha512-viQ6AHRhjCYYipKK6ZepBzwZpkuMvO9yhRHeUZDvlSOAh8rvsUTSre0y74nu8QRYUt4a44lJJ6BpphJK7bEgYA==",
      "license": "MIT",
      "funding": {
        "type": "github",
        "url": "https://github.com/sponsors/ueberdosis"
      },
      "peerDependencies": {
        "@tiptap/core": "^2.7.0"
      }
    },
    "node_modules/@tiptap/extension-bold": {
      "version": "2.26.1",
      "resolved": "https://registry.npmjs.org/@tiptap/extension-bold/-/extension-bold-2.26.1.tgz",
      "integrity": "sha512-zCce9PRuTNhadFir71luLo99HERDpGJ0EEflGm7RN8I1SnNi9gD5ooK42BOIQtejGCJqg3hTPZiYDJC2hXvckQ==",
      "license": "MIT",
      "funding": {
        "type": "github",
        "url": "https://github.com/sponsors/ueberdosis"
      },
      "peerDependencies": {
        "@tiptap/core": "^2.7.0"
      }
    },
    "node_modules/@tiptap/extension-bullet-list": {
      "version": "2.26.1",
      "resolved": "https://registry.npmjs.org/@tiptap/extension-bullet-list/-/extension-bullet-list-2.26.1.tgz",
      "integrity": "sha512-HHakuV4ckYCDOnBbne088FvCEP4YICw+wgPBz/V2dfpiFYQ4WzT0LPK9s7OFMCN+ROraoug+1ryN1Z1KdIgujQ==",
      "license": "MIT",
      "funding": {
        "type": "github",
        "url": "https://github.com/sponsors/ueberdosis"
      },
      "peerDependencies": {
        "@tiptap/core": "^2.7.0"
      }
    },
    "node_modules/@tiptap/extension-character-count": {
      "version": "2.26.1",
      "resolved": "https://registry.npmjs.org/@tiptap/extension-character-count/-/extension-character-count-2.26.1.tgz",
      "integrity": "sha512-F7LP1a9GF28thbApowWT2I41baqX74HMUTrV9LGrNXaOkW2gxZz+CDOzfHsbHyfuwfIxIjv07Qf/HKA6Cc1qbA==",
      "license": "MIT",
      "funding": {
        "type": "github",
        "url": "https://github.com/sponsors/ueberdosis"
      },
      "peerDependencies": {
        "@tiptap/core": "^2.7.0",
        "@tiptap/pm": "^2.7.0"
      }
    },
    "node_modules/@tiptap/extension-code": {
      "version": "2.26.1",
      "resolved": "https://registry.npmjs.org/@tiptap/extension-code/-/extension-code-2.26.1.tgz",
      "integrity": "sha512-GU9deB1A/Tr4FMPu71CvlcjGKwRhGYz60wQ8m4aM+ELZcVIcZRa1ebR8bExRIEWnvRztQuyRiCQzw2N0xQJ1QQ==",
      "license": "MIT",
      "funding": {
        "type": "github",
        "url": "https://github.com/sponsors/ueberdosis"
      },
      "peerDependencies": {
        "@tiptap/core": "^2.7.0"
      }
    },
    "node_modules/@tiptap/extension-code-block": {
      "version": "2.26.1",
      "resolved": "https://registry.npmjs.org/@tiptap/extension-code-block/-/extension-code-block-2.26.1.tgz",
      "integrity": "sha512-/TDDOwONl0qEUc4+B6V9NnWtSjz95eg7/8uCb8Y8iRbGvI9vT4/znRKofFxstvKmW4URu/H74/g0ywV57h0B+A==",
      "license": "MIT",
      "funding": {
        "type": "github",
        "url": "https://github.com/sponsors/ueberdosis"
      },
      "peerDependencies": {
        "@tiptap/core": "^2.7.0",
        "@tiptap/pm": "^2.7.0"
      }
    },
      "version": "2.26.1",
      "resolved": "https://registry.npmjs.org/@tiptap/extension-document/-/extension-document-2.26.1.tgz",
      "integrity": "sha512-2P2IZp1NRAE+21mRuFBiP3X2WKfZ6kUC23NJKpn8bcOamY3obYqCt0ltGPhE4eR8n8QAl2fI/3jIgjR07dC8ow==",
    "node_modules/@tiptap/extension-dropcursor": {
      "version": "2.26.1",
      "resolved": "https://registry.npmjs.org/@tiptap/extension-dropcursor/-/extension-dropcursor-2.26.1.tgz",
      "integrity": "sha512-JkDQU2ZYFOuT5mNYb8OiWGwD1HcjbtmX8tLNugQbToECmz9WvVPqJmn7V/q8VGpP81iEECz/IsyRmuf2kSD4uA==",
      "license": "MIT",
      "funding": {
        "type": "github",
        "url": "https://github.com/sponsors/ueberdosis"
      },
      "peerDependencies": {
        "@tiptap/core": "^2.7.0",
        "@tiptap/pm": "^2.7.0"
      }
    },
    "node_modules/@tiptap/extension-gapcursor": {
      "version": "2.26.1",
      "resolved": "https://registry.npmjs.org/@tiptap/extension-gapcursor/-/extension-gapcursor-2.26.1.tgz",
      "integrity": "sha512-KOiMZc3PwJS3hR0nSq5d0TJi2jkNZkLZElcT6pCEnhRHzPH6dRMu9GM5Jj798ZRUy0T9UFcKJalFZaDxnmRnpg==",
      "license": "MIT",
      "funding": {
        "type": "github",
        "url": "https://github.com/sponsors/ueberdosis"
      },
      "peerDependencies": {
        "@tiptap/core": "^2.7.0",
        "@tiptap/pm": "^2.7.0"
      }
    },
      "version": "2.26.1",
      "resolved": "https://registry.npmjs.org/@tiptap/extension-hard-break/-/extension-hard-break-2.26.1.tgz",
      "integrity": "sha512-d6uStdNKi8kjPlHAyO59M6KGWATNwhLCD7dng0NXfwGndc22fthzIk/6j9F6ltQx30huy5qQram6j3JXwNACoA==",
      "license": "MIT",
      "funding": {
        "type": "github",
        "url": "https://github.com/sponsors/ueberdosis"
      },
      "peerDependencies": {
        "@tiptap/core": "^2.7.0"
      }
    },
    "node_modules/@tiptap/extension-heading": {
      "version": "2.26.1",
      "resolved": "https://registry.npmjs.org/@tiptap/extension-heading/-/extension-heading-2.26.1.tgz",
      "integrity": "sha512-KSzL8WZV3pjJG9ke4RaU70+B5UlYR2S6olNt5UCAawM+fi11mobVztiBoC19xtpSVqIXC1AmXOqUgnuSvmE4ZA==",
      "version": "2.26.1",
      "resolved": "https://registry.npmjs.org/@tiptap/extension-history/-/extension-history-2.26.1.tgz",
      "integrity": "sha512-m6YR1gkkauIDo3PRl0gP+7Oc4n5OqDzcjVh6LvWREmZP8nmi94hfseYbqOXUb6RPHIc0JKF02eiRifT4MSd2nw==",
      "license": "MIT",
      "funding": {
        "type": "github",
        "url": "https://github.com/sponsors/ueberdosis"
      },
      "peerDependencies": {
        "@tiptap/core": "^2.7.0",
        "@tiptap/pm": "^2.7.0"
      }
    },
    "node_modules/@tiptap/extension-horizontal-rule": {
      "version": "2.26.1",
      "resolved": "https://registry.npmjs.org/@tiptap/extension-horizontal-rule/-/extension-horizontal-rule-2.26.1.tgz",
      "integrity": "sha512-mT6baqOhs/NakgrAeDeed194E/ZJFGL692H0C7f1N7WDRaWxUu2oR0LrnRqSH5OyPjELkzu6nQnNy0+0tFGHHg==",
    "node_modules/@tiptap/extension-italic": {
      "version": "2.26.1",
      "resolved": "https://registry.npmjs.org/@tiptap/extension-italic/-/extension-italic-2.26.1.tgz",
      "integrity": "sha512-pOs6oU4LyGO89IrYE4jbE8ZYsPwMMIiKkYfXcfeD9NtpGNBnjeVXXF5I9ndY2ANrCAgC8k58C3/powDRf0T2yA==",
      "license": "MIT",
      "funding": {
        "type": "github",
        "url": "https://github.com/sponsors/ueberdosis"
      },
      "peerDependencies": {
        "@tiptap/core": "^2.7.0"
      }
    },
    "node_modules/@tiptap/extension-list-item": {
      "version": "2.26.1",
      "resolved": "https://registry.npmjs.org/@tiptap/extension-list-item/-/extension-list-item-2.26.1.tgz",
      "integrity": "sha512-quOXckC73Luc3x+Dcm88YAEBW+Crh3x5uvtQOQtn2GEG91AshrvbnhGRiYnfvEN7UhWIS+FYI5liHFcRKSUKrQ==",
      "license": "MIT",
      "funding": {
        "type": "github",
        "url": "https://github.com/sponsors/ueberdosis"
      },
      "peerDependencies": {
        "@tiptap/core": "^2.7.0"
      }
    },
    "node_modules/@tiptap/extension-mention": {
      "version": "2.24.0",
      "resolved": "https://registry.npmjs.org/@tiptap/extension-mention/-/extension-mention-2.24.0.tgz",
      "integrity": "sha512-532rfuN2fCnI4pWUTD94jBxzSF5TT61Afvq+ar5OKwcANf3G+PZm07ejUbVbHw+g/lKiEZLNLQbg07gIAAXpnA==",
      "license": "MIT",
      "funding": {
        "type": "github",
        "url": "https://github.com/sponsors/ueberdosis"
      },
      "peerDependencies": {
        "@tiptap/core": "^2.7.0",
        "@tiptap/pm": "^2.7.0",
        "@tiptap/suggestion": "^2.7.0"
      }
    },
    "node_modules/@tiptap/extension-ordered-list": {
      "version": "2.26.1",
      "resolved": "https://registry.npmjs.org/@tiptap/extension-ordered-list/-/extension-ordered-list-2.26.1.tgz",
      "integrity": "sha512-UHKNRxq6TBnXMGFSq91knD6QaHsyyOwLOsXMzupmKM5Su0s+CRXEjfav3qKlbb9e4m7D7S/a0aPm8nC9KIXNhQ==",
      "license": "MIT",
      "funding": {
        "type": "github",
        "url": "https://github.com/sponsors/ueberdosis"
      },
      "peerDependencies": {
        "@tiptap/core": "^2.7.0"
      }
    },
    "node_modules/@tiptap/extension-paragraph": {
      "version": "2.26.1",
      "resolved": "https://registry.npmjs.org/@tiptap/extension-paragraph/-/extension-paragraph-2.26.1.tgz",
      "integrity": "sha512-UezvM9VDRAVJlX1tykgHWSD1g3MKfVMWWZ+Tg+PE4+kizOwoYkRWznVPgCAxjmyHajxpCKRXgqTZkOxjJ9Kjzg==",
      "license": "MIT",
      "funding": {
        "type": "github",
        "url": "https://github.com/sponsors/ueberdosis"
      },
      "peerDependencies": {
        "@tiptap/core": "^2.7.0"
      }
    "node_modules/@tiptap/extension-placeholder": {
      "resolved": "https://registry.npmjs.org/@tiptap/extension-placeholder/-/extension-placeholder-2.24.0.tgz",
      "integrity": "sha512-/rfirea9xHh5d/uYSPFOzx/o909XrBNpunt3sYZNi4RWf/+79QEW54/O1cGLj/l8uhms3gL/Bn+Ksv5mvdSJlg==",
        "@tiptap/pm": "^2.7.0"
    "node_modules/@tiptap/extension-strike": {
      "version": "2.26.1",
      "resolved": "https://registry.npmjs.org/@tiptap/extension-strike/-/extension-strike-2.26.1.tgz",
      "integrity": "sha512-CkoRH+pAi6MgdCh7K0cVZl4N2uR4pZdabXAnFSoLZRSg6imLvEUmWHfSi1dl3Z7JOvd3a4yZ4NxerQn5MWbJ7g==",
    "node_modules/@tiptap/extension-text": {
      "version": "2.26.1",
      "resolved": "https://registry.npmjs.org/@tiptap/extension-text/-/extension-text-2.26.1.tgz",
      "integrity": "sha512-p2n8WVMd/2vckdJlol24acaTDIZAhI7qle5cM75bn01sOEZoFlSw6SwINOULrUCzNJsYb43qrLEibZb4j2LeQw==",
        "@tiptap/core": "^2.7.0"
    "node_modules/@tiptap/extension-text-style": {
      "version": "2.26.1",
      "resolved": "https://registry.npmjs.org/@tiptap/extension-text-style/-/extension-text-style-2.26.1.tgz",
      "integrity": "sha512-t9Nc/UkrbCfnSHEUi1gvUQ2ZPzvfdYFT5TExoV2DTiUCkhG6+mecT5bTVFGW3QkPmbToL+nFhGn4ZRMDD0SP3Q==",
      "version": "2.26.1",
      "resolved": "https://registry.npmjs.org/@tiptap/pm/-/pm-2.26.1.tgz",
      "integrity": "sha512-8aF+mY/vSHbGFqyG663ds84b+vca5Lge3tHdTMTKazxCnhXR9dn2oQJMnZ78YZvdRbkPkMJJHti9h3K7u2UQvw==",
    "node_modules/@tiptap/starter-kit": {
      "version": "2.26.1",
      "resolved": "https://registry.npmjs.org/@tiptap/starter-kit/-/starter-kit-2.26.1.tgz",
      "integrity": "sha512-oziMGCds8SVQ3s5dRpBxVdEKZAmO/O//BjZ69mhA3q4vJdR0rnfLb5fTxSeQvHiqB878HBNn76kNaJrHrV35GA==",
      "license": "MIT",
      "dependencies": {
        "@tiptap/core": "^2.26.1",
        "@tiptap/extension-blockquote": "^2.26.1",
        "@tiptap/extension-bold": "^2.26.1",
        "@tiptap/extension-bullet-list": "^2.26.1",
        "@tiptap/extension-code": "^2.26.1",
        "@tiptap/extension-code-block": "^2.26.1",
        "@tiptap/extension-document": "^2.26.1",
        "@tiptap/extension-dropcursor": "^2.26.1",
        "@tiptap/extension-gapcursor": "^2.26.1",
        "@tiptap/extension-hard-break": "^2.26.1",
        "@tiptap/extension-heading": "^2.26.1",
        "@tiptap/extension-history": "^2.26.1",
        "@tiptap/extension-horizontal-rule": "^2.26.1",
        "@tiptap/extension-italic": "^2.26.1",
        "@tiptap/extension-list-item": "^2.26.1",
        "@tiptap/extension-ordered-list": "^2.26.1",
        "@tiptap/extension-paragraph": "^2.26.1",
        "@tiptap/extension-strike": "^2.26.1",
        "@tiptap/extension-text": "^2.26.1",
        "@tiptap/extension-text-style": "^2.26.1",
        "@tiptap/pm": "^2.26.1"
      },
      "funding": {
        "type": "github",
        "url": "https://github.com/sponsors/ueberdosis"
      }
    },
      "version": "2.26.1",
      "resolved": "https://registry.npmjs.org/@tiptap/suggestion/-/suggestion-2.26.1.tgz",
      "integrity": "sha512-iNWJdQN7h01keNoVwyCsdI7ZX11YkrexZjCnutWK17Dd72s3NYVTmQXu7saftwddT4nDdlczNxAFosrt0zMhcg==",
      "version": "4.3.2",
      "resolved": "https://registry.npmjs.org/linkifyjs/-/linkifyjs-4.3.2.tgz",
      "integrity": "sha512-NT1CJtq3hHIreOianA8aSXn6Cw0JzYOuDQbOrSPe7gqFnCpKP++MQe3ODgO3oh2GJFORkAAdqredOa60z63GbA==",
      "version": "7.62.0",
      "resolved": "https://registry.npmjs.org/react-hook-form/-/react-hook-form-7.62.0.tgz",
      "integrity": "sha512-7KWFejc98xqG/F4bAxpL41NB3o1nnvQO1RWZT3TqRZYL8RryQETGfEdVnJN2fy1crCiBLLjkRBVK05j24FxJGA==",
